
Microsoft Visual Studio Solution File, Format Version 12.00
# Visual Studio Version 17
VisualStudioVersion = 17.5.2.0
MinimumVisualStudioVersion = 10.0.40219.1
Project("{FAE04EC0-301F-11D3-BF4B-00C04F79EFBC}") = "Valuator", "Valuator\Valuator.csproj", "{BB3B7AF3-09CB-8246-6EE6-CF385AAB4AA1}"
EndProject
Project("{FAE04EC0-301F-11D3-BF4B-00C04F79EFBC}") = "RankCalculator", "RankCalculator\RankCalculator.csproj", "{BE23864C-0006-49B0-A795-4C9F2068EE66}"
EndProject
Project("{FAE04EC0-301F-11D3-BF4B-00C04F79EFBC}") = "EventsLogger", "EventsLogger\EventsLogger.csproj", "{1D3BC7AE-1C34-4BCF-8333-1F3A9F53EE8B}"
EndProject
Global
	GlobalSection(SolutionConfigurationPlatforms) = preSolution
		Debug|Any CPU = Debug|Any CPU
		Debug|x64 = Debug|x64
		Debug|x86 = Debug|x86
		Release|Any CPU = Release|Any CPU
		Release|x64 = Release|x64
		Release|x86 = Release|x86
	EndGlobalSection
	GlobalSection(ProjectConfigurationPlatforms) = postSolution
		{BB3B7AF3-09CB-8246-6EE6-CF385AAB4AA1}.Debug|Any CPU.ActiveCfg = Debug|Any CPU
		{BB3B7AF3-09CB-8246-6EE6-CF385AAB4AA1}.Debug|Any CPU.Build.0 = Debug|Any CPU
		{BB3B7AF3-09CB-8246-6EE6-CF385AAB4AA1}.Debug|x64.ActiveCfg = Debug|Any CPU
		{BB3B7AF3-09CB-8246-6EE6-CF385AAB4AA1}.Debug|x64.Build.0 = Debug|Any CPU
		{BB3B7AF3-09CB-8246-6EE6-CF385AAB4AA1}.Debug|x86.ActiveCfg = Debug|Any CPU
		{BB3B7AF3-09CB-8246-6EE6-CF385AAB4AA1}.Debug|x86.Build.0 = Debug|Any CPU
		{BB3B7AF3-09CB-8246-6EE6-CF385AAB4AA1}.Release|Any CPU.ActiveCfg = Release|Any CPU
		{BB3B7AF3-09CB-8246-6EE6-CF385AAB4AA1}.Release|Any CPU.Build.0 = Release|Any CPU
		{BB3B7AF3-09CB-8246-6EE6-CF385AAB4AA1}.Release|x64.ActiveCfg = Release|Any CPU
		{BB3B7AF3-09CB-8246-6EE6-CF385AAB4AA1}.Release|x64.Build.0 = Release|Any CPU
		{BB3B7AF3-09CB-8246-6EE6-CF385AAB4AA1}.Release|x86.ActiveCfg = Release|Any CPU
		{BB3B7AF3-09CB-8246-6EE6-CF385AAB4AA1}.Release|x86.Build.0 = Release|Any CPU
		{BE23864C-0006-49B0-A795-4C9F2068EE66}.Debug|Any CPU.ActiveCfg = Debug|Any CPU
		{BE23864C-0006-49B0-A795-4C9F2068EE66}.Debug|Any CPU.Build.0 = Debug|Any CPU
		{BE23864C-0006-49B0-A795-4C9F2068EE66}.Debug|x64.ActiveCfg = Debug|Any CPU
		{BE23864C-0006-49B0-A795-4C9F2068EE66}.Debug|x64.Build.0 = Debug|Any CPU
		{BE23864C-0006-49B0-A795-4C9F2068EE66}.Debug|x86.ActiveCfg = Debug|Any CPU
		{BE23864C-0006-49B0-A795-4C9F2068EE66}.Debug|x86.Build.0 = Debug|Any CPU
		{BE23864C-0006-49B0-A795-4C9F2068EE66}.Release|Any CPU.ActiveCfg = Release|Any CPU
		{BE23864C-0006-49B0-A795-4C9F2068EE66}.Release|Any CPU.Build.0 = Release|Any CPU
		{BE23864C-0006-49B0-A795-4C9F2068EE66}.Release|x64.ActiveCfg = Release|Any CPU
		{BE23864C-0006-49B0-A795-4C9F2068EE66}.Release|x64.Build.0 = Release|Any CPU
		{BE23864C-0006-49B0-A795-4C9F2068EE66}.Release|x86.ActiveCfg = Release|Any CPU
		{BE23864C-0006-49B0-A795-4C9F2068EE66}.Release|x86.Build.0 = Release|Any CPU
		{1D3BC7AE-1C34-4BCF-8333-1F3A9F53EE8B}.Debug|Any CPU.ActiveCfg = Debug|Any CPU
		{1D3BC7AE-1C34-4BCF-8333-1F3A9F53EE8B}.Debug|Any CPU.Build.0 = Debug|Any CPU
		{1D3BC7AE-1C34-4BCF-8333-1F3A9F53EE8B}.Debug|x64.ActiveCfg = Debug|Any CPU
		{1D3BC7AE-1C34-4BCF-8333-1F3A9F53EE8B}.Debug|x64.Build.0 = Debug|Any CPU
		{1D3BC7AE-1C34-4BCF-8333-1F3A9F53EE8B}.Debug|x86.ActiveCfg = Debug|Any CPU
		{1D3BC7AE-1C34-4BCF-8333-1F3A9F53EE8B}.Debug|x86.Build.0 = Debug|Any CPU
		{1D3BC7AE-1C34-4BCF-8333-1F3A9F53EE8B}.Release|Any CPU.ActiveCfg = Release|Any CPU
		{1D3BC7AE-1C34-4BCF-8333-1F3A9F53EE8B}.Release|Any CPU.Build.0 = Release|Any CPU
		{1D3BC7AE-1C34-4BCF-8333-1F3A9F53EE8B}.Release|x64.ActiveCfg = Release|Any CPU
		{1D3BC7AE-1C34-4BCF-8333-1F3A9F53EE8B}.Release|x64.Build.0 = Release|Any CPU
		{1D3BC7AE-1C34-4BCF-8333-1F3A9F53EE8B}.Release|x86.ActiveCfg = Release|Any CPU
		{1D3BC7AE-1C34-4BCF-8333-1F3A9F53EE8B}.Release|x86.Build.0 = Release|Any CPU
	EndGlobalSection
	GlobalSection(SolutionProperties) = preSolution
		HideSolutionNode = FALSE
	EndGlobalSection
	GlobalSection(ExtensibilityGlobals) = postSolution
		SolutionGuid = {4E720F55-C9D3-44BC-AFC1-5F0DEFF3FB93}
	EndGlobalSection
EndGlobal
