
Microsoft Visual Studio Solution File, Format Version 12.00
# Visual Studio Version 17
VisualStudioVersion = 17.0.31903.59
MinimumVisualStudioVersion = 10.0.40219.1
Project("{FAE04EC0-301F-11D3-BF4B-00C04F79EFBC}") = "Consumer", "Consumer\Consumer.csproj", "{6A904DD5-82D5-48BB-8129-5B6CE39D51DD}"
EndProject
Project("{FAE04EC0-301F-11D3-BF4B-00C04F79EFBC}") = "Producer", "Producer\Producer.csproj", "{FF54D9E2-0C5A-4901-A3BC-AD4968BD2D93}"
EndProject
Global
	GlobalSection(SolutionConfigurationPlatforms) = preSolution
		Debug|Any CPU = Debug|Any CPU
		Release|Any CPU = Release|Any CPU
	EndGlobalSection
	GlobalSection(SolutionProperties) = preSolution
		HideSolutionNode = FALSE
	EndGlobalSection
	GlobalSection(ProjectConfigurationPlatforms) = postSolution
		{6A904DD5-82D5-48BB-8129-5B6CE39D51DD}.Debug|Any CPU.ActiveCfg = Debug|Any CPU
		{6A904DD5-82D5-48BB-8129-5B6CE39D51DD}.Debug|Any CPU.Build.0 = Debug|Any CPU
		{6A904DD5-82D5-48BB-8129-5B6CE39D51DD}.Release|Any CPU.ActiveCfg = Release|Any CPU
		{6A904DD5-82D5-48BB-8129-5B6CE39D51DD}.Release|Any CPU.Build.0 = Release|Any CPU
		{FF54D9E2-0C5A-4901-A3BC-AD4968BD2D93}.Debug|Any CPU.ActiveCfg = Debug|Any CPU
		{FF54D9E2-0C5A-4901-A3BC-AD4968BD2D93}.Debug|Any CPU.Build.0 = Debug|Any CPU
		{FF54D9E2-0C5A-4901-A3BC-AD4968BD2D93}.Release|Any CPU.ActiveCfg = Release|Any CPU
		{FF54D9E2-0C5A-4901-A3BC-AD4968BD2D93}.Release|Any CPU.Build.0 = Release|Any CPU
	EndGlobalSection
EndGlobal
