
Microsoft Visual Studio Solution File, Format Version 12.00
# Visual Studio Version 17
VisualStudioVersion = 17.0.31903.59
MinimumVisualStudioVersion = 10.0.40219.1
Project("{FAE04EC0-301F-11D3-BF4B-00C04F79EFBC}") = "Consumer", "Consumer\Consumer.csproj", "{71902EC1-1AB4-40D4-A82A-81FA090876D0}"
EndProject
Project("{FAE04EC0-301F-11D3-BF4B-00C04F79EFBC}") = "Producer", "Producer\Producer.csproj", "{7E7AAE2A-193D-472F-A998-92D06BB0A985}"
EndProject
Global
	GlobalSection(SolutionConfigurationPlatforms) = preSolution
		Debug|Any CPU = Debug|Any CPU
		Release|Any CPU = Release|Any CPU
	EndGlobalSection
	GlobalSection(SolutionProperties) = preSolution
		HideSolutionNode = FALSE
	EndGlobalSection
	GlobalSection(ProjectConfigurationPlatforms) = postSolution
		{71902EC1-1AB4-40D4-A82A-81FA090876D0}.Debug|Any CPU.ActiveCfg = Debug|Any CPU
		{71902EC1-1AB4-40D4-A82A-81FA090876D0}.Debug|Any CPU.Build.0 = Debug|Any CPU
		{71902EC1-1AB4-40D4-A82A-81FA090876D0}.Release|Any CPU.ActiveCfg = Release|Any CPU
		{71902EC1-1AB4-40D4-A82A-81FA090876D0}.Release|Any CPU.Build.0 = Release|Any CPU
		{7E7AAE2A-193D-472F-A998-92D06BB0A985}.Debug|Any CPU.ActiveCfg = Debug|Any CPU
		{7E7AAE2A-193D-472F-A998-92D06BB0A985}.Debug|Any CPU.Build.0 = Debug|Any CPU
		{7E7AAE2A-193D-472F-A998-92D06BB0A985}.Release|Any CPU.ActiveCfg = Release|Any CPU
		{7E7AAE2A-193D-472F-A998-92D06BB0A985}.Release|Any CPU.Build.0 = Release|Any CPU
	EndGlobalSection
EndGlobal
